
Microsoft Visual Studio Solution File, Format Version 12.00
Project("{FAE04EC0-301F-11D3-BF4B-00C04F79EFBC}") = "RdClean", "RdClean\RdClean.csproj", "{3E451608-44D5-4422-B994-63616B7D2C80}"
EndProject
Project("{2150E333-8FDC-42A3-9474-1A3956D46DE8}") = "Solution Items", "Solution Items", "{4C648635-236D-4CFD-B206-EC9FFE290A10}"
	ProjectSection(SolutionItems) = preProject
		compose.yaml = compose.yaml
	EndProjectSection
EndProject
Project("{FAE04EC0-301F-11D3-BF4B-00C04F79EFBC}") = "Sail.Common", "Sail\Sail.Common\Sail.Common.csproj", "{3462F709-BA3F-4387-A899-66CF666D5373}"
EndProject
Project("{FAE04EC0-301F-11D3-BF4B-00C04F79EFBC}") = "Sail.ComfyUi", "Sail\Sail.ComfyUi\Sail.ComfyUi.csproj", "{9CDEB665-26BE-46EF-B187-3953AE21F6C2}"
EndProject
Project("{FAE04EC0-301F-11D3-BF4B-00C04F79EFBC}") = "RdClean.Tests", "RdClean.Tests\RdClean.Tests.csproj", "{898728A9-7A13-4616-B94B-0ACB0240F106}"
EndProject
Project("{FAE04EC0-301F-11D3-BF4B-00C04F79EFBC}") = "RdClean.Domain", "RdClean.Domain\RdClean.Domain.csproj", "{DB306C3B-6CD7-45F2-8DCE-56988EEA6DD3}"
EndProject
Global
	GlobalSection(SolutionConfigurationPlatforms) = preSolution
		Debug|Any CPU = Debug|Any CPU
		Release|Any CPU = Release|Any CPU
	EndGlobalSection
	GlobalSection(ProjectConfigurationPlatforms) = postSolution
		{3E451608-44D5-4422-B994-63616B7D2C80}.Debug|Any CPU.ActiveCfg = Debug|Any CPU
		{3E451608-44D5-4422-B994-63616B7D2C80}.Debug|Any CPU.Build.0 = Debug|Any CPU
		{3E451608-44D5-4422-B994-63616B7D2C80}.Release|Any CPU.ActiveCfg = Release|Any CPU
		{3E451608-44D5-4422-B994-63616B7D2C80}.Release|Any CPU.Build.0 = Release|Any CPU
		{3462F709-BA3F-4387-A899-66CF666D5373}.Debug|Any CPU.ActiveCfg = Debug|Any CPU
		{3462F709-BA3F-4387-A899-66CF666D5373}.Debug|Any CPU.Build.0 = Debug|Any CPU
		{3462F709-BA3F-4387-A899-66CF666D5373}.Release|Any CPU.ActiveCfg = Release|Any CPU
		{3462F709-BA3F-4387-A899-66CF666D5373}.Release|Any CPU.Build.0 = Release|Any CPU
		{9CDEB665-26BE-46EF-B187-3953AE21F6C2}.Debug|Any CPU.ActiveCfg = Debug|Any CPU
		{9CDEB665-26BE-46EF-B187-3953AE21F6C2}.Debug|Any CPU.Build.0 = Debug|Any CPU
		{9CDEB665-26BE-46EF-B187-3953AE21F6C2}.Release|Any CPU.ActiveCfg = Release|Any CPU
		{9CDEB665-26BE-46EF-B187-3953AE21F6C2}.Release|Any CPU.Build.0 = Release|Any CPU
		{898728A9-7A13-4616-B94B-0ACB0240F106}.Debug|Any CPU.ActiveCfg = Debug|Any CPU
		{898728A9-7A13-4616-B94B-0ACB0240F106}.Debug|Any CPU.Build.0 = Debug|Any CPU
		{898728A9-7A13-4616-B94B-0ACB0240F106}.Release|Any CPU.ActiveCfg = Release|Any CPU
		{898728A9-7A13-4616-B94B-0ACB0240F106}.Release|Any CPU.Build.0 = Release|Any CPU
		{DB306C3B-6CD7-45F2-8DCE-56988EEA6DD3}.Debug|Any CPU.ActiveCfg = Debug|Any CPU
		{DB306C3B-6CD7-45F2-8DCE-56988EEA6DD3}.Debug|Any CPU.Build.0 = Debug|Any CPU
		{DB306C3B-6CD7-45F2-8DCE-56988EEA6DD3}.Release|Any CPU.ActiveCfg = Release|Any CPU
		{DB306C3B-6CD7-45F2-8DCE-56988EEA6DD3}.Release|Any CPU.Build.0 = Release|Any CPU
	EndGlobalSection
EndGlobal
